
Microsoft Visual Studio Solution File, Format Version 12.00
# Visual Studio Version 16
VisualStudioVersion = 16.0.29318.209
MinimumVisualStudioVersion = 10.0.40219.1
Project("{FAE04EC0-301F-11D3-BF4B-00C04F79EFBC}") = "RWS", "RWS\RWS.csproj", "{2A0646C3-0E5E-441E-9768-CE8453F1E312}"
EndProject
Project("{FAE04EC0-301F-11D3-BF4B-00C04F79EFBC}") = "RWS.Tests", "RWS.Tests\RWS.Tests.csproj", "{8D23FD98-DD94-4DE2-8313-F533959297E8}"
EndProject
Project("{9A19103F-16F7-4668-BE54-9A1E7A4F7556}") = "WpfAppExample", "WpfAppExample\WpfAppExample.csproj", "{F103AC2A-B644-4EBA-8EF9-85A16AEC5419}"
	ProjectSection(ProjectDependencies) = postProject
		{2A0646C3-0E5E-441E-9768-CE8453F1E312} = {2A0646C3-0E5E-441E-9768-CE8453F1E312}
	EndProjectSection
EndProject
Global
	GlobalSection(SolutionConfigurationPlatforms) = preSolution
		Debug|Any CPU = Debug|Any CPU
		Release|Any CPU = Release|Any CPU
	EndGlobalSection
	GlobalSection(ProjectConfigurationPlatforms) = postSolution
		{2A0646C3-0E5E-441E-9768-CE8453F1E312}.Debug|Any CPU.ActiveCfg = Debug|Any CPU
		{2A0646C3-0E5E-441E-9768-CE8453F1E312}.Release|Any CPU.ActiveCfg = Release|Any CPU
		{2A0646C3-0E5E-441E-9768-CE8453F1E312}.Release|Any CPU.Build.0 = Release|Any CPU
		{8D23FD98-DD94-4DE2-8313-F533959297E8}.Debug|Any CPU.ActiveCfg = Debug|Any CPU
		{8D23FD98-DD94-4DE2-8313-F533959297E8}.Debug|Any CPU.Build.0 = Debug|Any CPU
		{8D23FD98-DD94-4DE2-8313-F533959297E8}.Release|Any CPU.ActiveCfg = Release|Any CPU
		{8D23FD98-DD94-4DE2-8313-F533959297E8}.Release|Any CPU.Build.0 = Release|Any CPU
		{F103AC2A-B644-4EBA-8EF9-85A16AEC5419}.Debug|Any CPU.ActiveCfg = Debug|Any CPU
		{F103AC2A-B644-4EBA-8EF9-85A16AEC5419}.Debug|Any CPU.Build.0 = Debug|Any CPU
		{F103AC2A-B644-4EBA-8EF9-85A16AEC5419}.Release|Any CPU.ActiveCfg = Release|Any CPU
		{F103AC2A-B644-4EBA-8EF9-85A16AEC5419}.Release|Any CPU.Build.0 = Release|Any CPU
	EndGlobalSection
	GlobalSection(SolutionProperties) = preSolution
		HideSolutionNode = FALSE
	EndGlobalSection
	GlobalSection(ExtensibilityGlobals) = postSolution
		SolutionGuid = {21DD3082-A40A-4889-A919-04148153F0EB}
	EndGlobalSection
EndGlobal
